{
  "name": "MSP",
  "lockfileVersion": 3,
  "requires": true,
  "packages": {
    "": {
      "dependencies": {
        "create-kaplay": "^3.1.1"
      }
    },
    "node_modules/create-kaplay": {
      "version": "3.1.1",
      "resolved": "https://registry.npmjs.org/create-kaplay/-/create-kaplay-3.1.1.tgz",
      "integrity": "sha512-alXG0XNKLsDlD6nXb6C6n6j02w+dqeF3UpK3e6qEGM2kVLONXZlgMzTpRPlqB5ATQhEfEKt1t3jbfUgfQmvWoQ==",
      "license": "MIT",
      "bin": {
        "create-kaplay": "dist/index.js"
      }
    }
  }
}
